
Microsoft Visual Studio Solution File, Format Version 12.00
# Visual Studio 15
VisualStudioVersion = 15.0.27428.2002
MinimumVisualStudioVersion = 10.0.40219.1
Project("{FAE04EC0-301F-11D3-BF4B-00C04F79EFBC}") = "Strategy", "Strategy\Strategy.csproj", "{32E5CE8E-3827-405C-AC41-317153511050}"
EndProject
Project("{FAE04EC0-301F-11D3-BF4B-00C04F79EFBC}") = "Observer", "Observer\Observer.csproj", "{1C909B89-F719-4E78-9A7A-1B8CF497DB47}"
EndProject
Project("{FAE04EC0-301F-11D3-BF4B-00C04F79EFBC}") = "ObserverTest", "ObserverTest\ObserverTest.csproj", "{0A5709CB-BD69-4468-9AAE-20E1B2F93111}"
EndProject
Project("{FAE04EC0-301F-11D3-BF4B-00C04F79EFBC}") = "StrategyTest", "StrategyTest\StrategyTest.csproj", "{B93DC156-A8BC-4472-BC6A-D9C68622E555}"
EndProject
Project("{2150E333-8FDC-42A3-9474-1A3956D46DE8}") = "ObserverPattern", "ObserverPattern", "{4A95CD6F-A18C-4FBD-9FB7-77AF226622BF}"
EndProject
Project("{2150E333-8FDC-42A3-9474-1A3956D46DE8}") = "StrategyPattern", "StrategyPattern", "{09F409E0-82DB-448E-A22C-7B6519E5D8E4}"
EndProject
Project("{2150E333-8FDC-42A3-9474-1A3956D46DE8}") = "DecoratorPattern", "DecoratorPattern", "{1817F02F-D595-40DB-97CA-B0301320C8A6}"
EndProject
Project("{FAE04EC0-301F-11D3-BF4B-00C04F79EFBC}") = "Decorator", "Decorator\Decorator.csproj", "{152DC9EC-05CF-4AD3-AF88-E24F4ECD262E}"
EndProject
Project("{FAE04EC0-301F-11D3-BF4B-00C04F79EFBC}") = "DecoratorTest", "DecoratorTest\DecoratorTest.csproj", "{AC74B0D7-2905-41E7-90C6-3BA60442ECB6}"
EndProject
Project("{2150E333-8FDC-42A3-9474-1A3956D46DE8}") = "StructuralPatterns", "StructuralPatterns", "{167F2313-F59E-434B-BD07-0F78864BD253}"
EndProject
Project("{2150E333-8FDC-42A3-9474-1A3956D46DE8}") = "BehavioralPatterns", "BehavioralPatterns", "{450F184C-6C3D-4FD8-8AA4-E9C3769A4C00}"
EndProject
Project("{2150E333-8FDC-42A3-9474-1A3956D46DE8}") = "CreationalDesignPatterns", "CreationalDesignPatterns", "{76DA188C-F3B4-42C4-9255-E257589570D9}"
EndProject
Project("{2150E333-8FDC-42A3-9474-1A3956D46DE8}") = "Factory", "Factory", "{3EDF0F59-579C-40B6-A4B0-742664CCFC47}"
EndProject
Project("{FAE04EC0-301F-11D3-BF4B-00C04F79EFBC}") = "AbstractFactory", "FactoryDesignPattern\AbstractFactory.csproj", "{CE204EE1-5FC9-4C52-9D03-ABBE3A0D6A6C}"
EndProject
Project("{FAE04EC0-301F-11D3-BF4B-00C04F79EFBC}") = "FactoryMethod", "FactoryMethod\FactoryMethod.csproj", "{3E7F44D9-86E7-4FF6-8B3B-558011382F13}"
EndProject
Project("{2150E333-8FDC-42A3-9474-1A3956D46DE8}") = "Singleton", "Singleton", "{11DB2987-4669-4E4D-9C26-D1A0DE383B5D}"
EndProject
Project("{FAE04EC0-301F-11D3-BF4B-00C04F79EFBC}") = "Singleton", "Singelton\Singleton.csproj", "{C57A326E-FC5B-4B85-8A19-0DEA205C9C8E}"
EndProject
Project("{2150E333-8FDC-42A3-9474-1A3956D46DE8}") = "Command", "Command", "{99419C26-3D86-4A7A-9FF7-952D96F22B11}"
EndProject
Project("{FAE04EC0-301F-11D3-BF4B-00C04F79EFBC}") = "Command", "Command\Command.csproj", "{B87132FD-2948-40EC-9541-A4A6C847345F}"
EndProject
Project("{2150E333-8FDC-42A3-9474-1A3956D46DE8}") = "Adapter", "Adapter", "{1C0BE987-B8BE-4D72-925E-D4DD48358C6B}"
EndProject
Project("{FAE04EC0-301F-11D3-BF4B-00C04F79EFBC}") = "Adapter", "Adapter\Adapter.csproj", "{CD673D5E-E66C-4EDF-933B-86CC2FB4DEC4}"
EndProject
Project("{2150E333-8FDC-42A3-9474-1A3956D46DE8}") = "Facade", "Facade", "{71A1B693-45C5-49CA-BF0F-A493A3936188}"
EndProject
Project("{FAE04EC0-301F-11D3-BF4B-00C04F79EFBC}") = "Facade", "Facade\Facade.csproj", "{ED30A4F3-9E28-4DEE-93FC-F80BF01FAB3F}"
EndProject
Global
	GlobalSection(SolutionConfigurationPlatforms) = preSolution
		Debug|Any CPU = Debug|Any CPU
		Release|Any CPU = Release|Any CPU
	EndGlobalSection
	GlobalSection(ProjectConfigurationPlatforms) = postSolution
		{32E5CE8E-3827-405C-AC41-317153511050}.Debug|Any CPU.ActiveCfg = Debug|Any CPU
		{32E5CE8E-3827-405C-AC41-317153511050}.Debug|Any CPU.Build.0 = Debug|Any CPU
		{32E5CE8E-3827-405C-AC41-317153511050}.Release|Any CPU.ActiveCfg = Release|Any CPU
		{32E5CE8E-3827-405C-AC41-317153511050}.Release|Any CPU.Build.0 = Release|Any CPU
		{1C909B89-F719-4E78-9A7A-1B8CF497DB47}.Debug|Any CPU.ActiveCfg = Debug|Any CPU
		{1C909B89-F719-4E78-9A7A-1B8CF497DB47}.Debug|Any CPU.Build.0 = Debug|Any CPU
		{1C909B89-F719-4E78-9A7A-1B8CF497DB47}.Release|Any CPU.ActiveCfg = Release|Any CPU
		{1C909B89-F719-4E78-9A7A-1B8CF497DB47}.Release|Any CPU.Build.0 = Release|Any CPU
		{0A5709CB-BD69-4468-9AAE-20E1B2F93111}.Debug|Any CPU.ActiveCfg = Debug|Any CPU
		{0A5709CB-BD69-4468-9AAE-20E1B2F93111}.Debug|Any CPU.Build.0 = Debug|Any CPU
		{0A5709CB-BD69-4468-9AAE-20E1B2F93111}.Release|Any CPU.ActiveCfg = Release|Any CPU
		{0A5709CB-BD69-4468-9AAE-20E1B2F93111}.Release|Any CPU.Build.0 = Release|Any CPU
		{B93DC156-A8BC-4472-BC6A-D9C68622E555}.Debug|Any CPU.ActiveCfg = Debug|Any CPU
		{B93DC156-A8BC-4472-BC6A-D9C68622E555}.Debug|Any CPU.Build.0 = Debug|Any CPU
		{B93DC156-A8BC-4472-BC6A-D9C68622E555}.Release|Any CPU.ActiveCfg = Release|Any CPU
		{B93DC156-A8BC-4472-BC6A-D9C68622E555}.Release|Any CPU.Build.0 = Release|Any CPU
		{152DC9EC-05CF-4AD3-AF88-E24F4ECD262E}.Debug|Any CPU.ActiveCfg = Debug|Any CPU
		{152DC9EC-05CF-4AD3-AF88-E24F4ECD262E}.Debug|Any CPU.Build.0 = Debug|Any CPU
		{152DC9EC-05CF-4AD3-AF88-E24F4ECD262E}.Release|Any CPU.ActiveCfg = Release|Any CPU
		{152DC9EC-05CF-4AD3-AF88-E24F4ECD262E}.Release|Any CPU.Build.0 = Release|Any CPU
		{AC74B0D7-2905-41E7-90C6-3BA60442ECB6}.Debug|Any CPU.ActiveCfg = Debug|Any CPU
		{AC74B0D7-2905-41E7-90C6-3BA60442ECB6}.Debug|Any CPU.Build.0 = Debug|Any CPU
		{AC74B0D7-2905-41E7-90C6-3BA60442ECB6}.Release|Any CPU.ActiveCfg = Release|Any CPU
		{AC74B0D7-2905-41E7-90C6-3BA60442ECB6}.Release|Any CPU.Build.0 = Release|Any CPU
		{CE204EE1-5FC9-4C52-9D03-ABBE3A0D6A6C}.Debug|Any CPU.ActiveCfg = Debug|Any CPU
		{CE204EE1-5FC9-4C52-9D03-ABBE3A0D6A6C}.Debug|Any CPU.Build.0 = Debug|Any CPU
		{CE204EE1-5FC9-4C52-9D03-ABBE3A0D6A6C}.Release|Any CPU.ActiveCfg = Release|Any CPU
		{CE204EE1-5FC9-4C52-9D03-ABBE3A0D6A6C}.Release|Any CPU.Build.0 = Release|Any CPU
		{3E7F44D9-86E7-4FF6-8B3B-558011382F13}.Debug|Any CPU.ActiveCfg = Debug|Any CPU
		{3E7F44D9-86E7-4FF6-8B3B-558011382F13}.Debug|Any CPU.Build.0 = Debug|Any CPU
		{3E7F44D9-86E7-4FF6-8B3B-558011382F13}.Release|Any CPU.ActiveCfg = Release|Any CPU
		{3E7F44D9-86E7-4FF6-8B3B-558011382F13}.Release|Any CPU.Build.0 = Release|Any CPU
		{C57A326E-FC5B-4B85-8A19-0DEA205C9C8E}.Debug|Any CPU.ActiveCfg = Debug|Any CPU
		{C57A326E-FC5B-4B85-8A19-0DEA205C9C8E}.Debug|Any CPU.Build.0 = Debug|Any CPU
		{C57A326E-FC5B-4B85-8A19-0DEA205C9C8E}.Release|Any CPU.ActiveCfg = Release|Any CPU
		{C57A326E-FC5B-4B85-8A19-0DEA205C9C8E}.Release|Any CPU.Build.0 = Release|Any CPU
		{B87132FD-2948-40EC-9541-A4A6C847345F}.Debug|Any CPU.ActiveCfg = Debug|Any CPU
		{B87132FD-2948-40EC-9541-A4A6C847345F}.Debug|Any CPU.Build.0 = Debug|Any CPU
		{B87132FD-2948-40EC-9541-A4A6C847345F}.Release|Any CPU.ActiveCfg = Release|Any CPU
		{B87132FD-2948-40EC-9541-A4A6C847345F}.Release|Any CPU.Build.0 = Release|Any CPU
		{CD673D5E-E66C-4EDF-933B-86CC2FB4DEC4}.Debug|Any CPU.ActiveCfg = Debug|Any CPU
		{CD673D5E-E66C-4EDF-933B-86CC2FB4DEC4}.Debug|Any CPU.Build.0 = Debug|Any CPU
		{CD673D5E-E66C-4EDF-933B-86CC2FB4DEC4}.Release|Any CPU.ActiveCfg = Release|Any CPU
		{CD673D5E-E66C-4EDF-933B-86CC2FB4DEC4}.Release|Any CPU.Build.0 = Release|Any CPU
		{ED30A4F3-9E28-4DEE-93FC-F80BF01FAB3F}.Debug|Any CPU.ActiveCfg = Debug|Any CPU
		{ED30A4F3-9E28-4DEE-93FC-F80BF01FAB3F}.Debug|Any CPU.Build.0 = Debug|Any CPU
		{ED30A4F3-9E28-4DEE-93FC-F80BF01FAB3F}.Release|Any CPU.ActiveCfg = Release|Any CPU
		{ED30A4F3-9E28-4DEE-93FC-F80BF01FAB3F}.Release|Any CPU.Build.0 = Release|Any CPU
	EndGlobalSection
	GlobalSection(SolutionProperties) = preSolution
		HideSolutionNode = FALSE
	EndGlobalSection
	GlobalSection(NestedProjects) = preSolution
		{32E5CE8E-3827-405C-AC41-317153511050} = {09F409E0-82DB-448E-A22C-7B6519E5D8E4}
		{1C909B89-F719-4E78-9A7A-1B8CF497DB47} = {4A95CD6F-A18C-4FBD-9FB7-77AF226622BF}
		{0A5709CB-BD69-4468-9AAE-20E1B2F93111} = {4A95CD6F-A18C-4FBD-9FB7-77AF226622BF}
		{B93DC156-A8BC-4472-BC6A-D9C68622E555} = {09F409E0-82DB-448E-A22C-7B6519E5D8E4}
		{4A95CD6F-A18C-4FBD-9FB7-77AF226622BF} = {450F184C-6C3D-4FD8-8AA4-E9C3769A4C00}
		{09F409E0-82DB-448E-A22C-7B6519E5D8E4} = {450F184C-6C3D-4FD8-8AA4-E9C3769A4C00}
		{1817F02F-D595-40DB-97CA-B0301320C8A6} = {167F2313-F59E-434B-BD07-0F78864BD253}
		{152DC9EC-05CF-4AD3-AF88-E24F4ECD262E} = {1817F02F-D595-40DB-97CA-B0301320C8A6}
		{AC74B0D7-2905-41E7-90C6-3BA60442ECB6} = {1817F02F-D595-40DB-97CA-B0301320C8A6}
		{3EDF0F59-579C-40B6-A4B0-742664CCFC47} = {76DA188C-F3B4-42C4-9255-E257589570D9}
		{CE204EE1-5FC9-4C52-9D03-ABBE3A0D6A6C} = {3EDF0F59-579C-40B6-A4B0-742664CCFC47}
		{3E7F44D9-86E7-4FF6-8B3B-558011382F13} = {3EDF0F59-579C-40B6-A4B0-742664CCFC47}
		{11DB2987-4669-4E4D-9C26-D1A0DE383B5D} = {76DA188C-F3B4-42C4-9255-E257589570D9}
		{C57A326E-FC5B-4B85-8A19-0DEA205C9C8E} = {11DB2987-4669-4E4D-9C26-D1A0DE383B5D}
		{99419C26-3D86-4A7A-9FF7-952D96F22B11} = {450F184C-6C3D-4FD8-8AA4-E9C3769A4C00}
		{B87132FD-2948-40EC-9541-A4A6C847345F} = {99419C26-3D86-4A7A-9FF7-952D96F22B11}
		{1C0BE987-B8BE-4D72-925E-D4DD48358C6B} = {167F2313-F59E-434B-BD07-0F78864BD253}
		{CD673D5E-E66C-4EDF-933B-86CC2FB4DEC4} = {1C0BE987-B8BE-4D72-925E-D4DD48358C6B}
		{71A1B693-45C5-49CA-BF0F-A493A3936188} = {167F2313-F59E-434B-BD07-0F78864BD253}
		{ED30A4F3-9E28-4DEE-93FC-F80BF01FAB3F} = {71A1B693-45C5-49CA-BF0F-A493A3936188}
	EndGlobalSection
	GlobalSection(ExtensibilityGlobals) = postSolution
		SolutionGuid = {4AD91642-785B-4E8A-954F-BBDF5AC9FE8E}
	EndGlobalSection
EndGlobal
